
Microsoft Visual Studio Solution File, Format Version 12.00
# Visual Studio 15
VisualStudioVersion = 15.0.27130.2020
MinimumVisualStudioVersion = 10.0.40219.1
Project("{FAE04EC0-301F-11D3-BF4B-00C04F79EFBC}") = "TienditaLapeque", "TienditaLapeque\TienditaLapeque.csproj", "{4920C863-3819-42DB-9DD8-4671F967F81D}"
EndProject
Global
	GlobalSection(SolutionConfigurationPlatforms) = preSolution
		Debug|Any CPU = Debug|Any CPU
		Release|Any CPU = Release|Any CPU
	EndGlobalSection
	GlobalSection(ProjectConfigurationPlatforms) = postSolution
		{4920C863-3819-42DB-9DD8-4671F967F81D}.Debug|Any CPU.ActiveCfg = Debug|Any CPU
		{4920C863-3819-42DB-9DD8-4671F967F81D}.Debug|Any CPU.Build.0 = Debug|Any CPU
		{4920C863-3819-42DB-9DD8-4671F967F81D}.Release|Any CPU.ActiveCfg = Release|Any CPU
		{4920C863-3819-42DB-9DD8-4671F967F81D}.Release|Any CPU.Build.0 = Release|Any CPU
	EndGlobalSection
	GlobalSection(SolutionProperties) = preSolution
		HideSolutionNode = FALSE
	EndGlobalSection
	GlobalSection(ExtensibilityGlobals) = postSolution
		SolutionGuid = {E7E6754C-EA1C-43BC-8ADC-458D30BF7E87}
	EndGlobalSection
EndGlobal
